
Microsoft Visual Studio Solution File, Format Version 12.00
# Visual Studio Version 17
VisualStudioVersion = 17.1.32104.313
MinimumVisualStudioVersion = 10.0.40219.1
Project("{9A19103F-16F7-4668-BE54-9A1E7A4F7556}") = "BetterChat", "BetterChat.csproj", "{1AF34405-82FF-4237-A4CE-5D060C198712}"
EndProject
Global
	GlobalSection(SolutionConfigurationPlatforms) = preSolution
		Debug|Any CPU = Debug|Any CPU
		Release|Any CPU = Release|Any CPU
	EndGlobalSection
	GlobalSection(ProjectConfigurationPlatforms) = postSolution
		{1AF34405-82FF-4237-A4CE-5D060C198712}.Debug|Any CPU.ActiveCfg = Debug|Any CPU
		{1AF34405-82FF-4237-A4CE-5D060C198712}.Debug|Any CPU.Build.0 = Debug|Any CPU
		{1AF34405-82FF-4237-A4CE-5D060C198712}.Release|Any CPU.ActiveCfg = Release|Any CPU
		{1AF34405-82FF-4237-A4CE-5D060C198712}.Release|Any CPU.Build.0 = Release|Any CPU
	EndGlobalSection
	GlobalSection(SolutionProperties) = preSolution
		HideSolutionNode = FALSE
	EndGlobalSection
	GlobalSection(ExtensibilityGlobals) = postSolution
		SolutionGuid = {27AF8F23-40A9-486C-BB1A-3290E7FAB235}
	EndGlobalSection
EndGlobal
